
Microsoft Visual Studio Solution File, Format Version 12.00
# Visual Studio Version 17
VisualStudioVersion = 17.0.31903.59
MinimumVisualStudioVersion = 10.0.40219.1
Project("{FAE04EC0-301F-11D3-BF4B-00C04F79EFBC}") = "StringCalculatorApp", "StringCalculatorApp\StringCalculatorApp.csproj", "{9B6839B5-B75C-4FC6-A2A3-4A3EB39D4841}"
EndProject
Project("{FAE04EC0-301F-11D3-BF4B-00C04F79EFBC}") = "StringCalculatorTests", "StringCalculatorTests\StringCalculatorTests.csproj", "{E7E95A8F-0730-4055-87A7-DA97EAC3E155}"
EndProject
Global
	GlobalSection(SolutionConfigurationPlatforms) = preSolution
		Debug|Any CPU = Debug|Any CPU
		Release|Any CPU = Release|Any CPU
	EndGlobalSection
	GlobalSection(SolutionProperties) = preSolution
		HideSolutionNode = FALSE
	EndGlobalSection
	GlobalSection(ProjectConfigurationPlatforms) = postSolution
		{9B6839B5-B75C-4FC6-A2A3-4A3EB39D4841}.Debug|Any CPU.ActiveCfg = Debug|Any CPU
		{9B6839B5-B75C-4FC6-A2A3-4A3EB39D4841}.Debug|Any CPU.Build.0 = Debug|Any CPU
		{9B6839B5-B75C-4FC6-A2A3-4A3EB39D4841}.Release|Any CPU.ActiveCfg = Release|Any CPU
		{9B6839B5-B75C-4FC6-A2A3-4A3EB39D4841}.Release|Any CPU.Build.0 = Release|Any CPU
		{E7E95A8F-0730-4055-87A7-DA97EAC3E155}.Debug|Any CPU.ActiveCfg = Debug|Any CPU
		{E7E95A8F-0730-4055-87A7-DA97EAC3E155}.Debug|Any CPU.Build.0 = Debug|Any CPU
		{E7E95A8F-0730-4055-87A7-DA97EAC3E155}.Release|Any CPU.ActiveCfg = Release|Any CPU
		{E7E95A8F-0730-4055-87A7-DA97EAC3E155}.Release|Any CPU.Build.0 = Release|Any CPU
	EndGlobalSection
EndGlobal
